
Microsoft Visual Studio Solution File, Format Version 12.00
# Visual Studio Version 17
VisualStudioVersion = 17.11.35312.102
MinimumVisualStudioVersion = 10.0.40219.1
Project("{FAE04EC0-301F-11D3-BF4B-00C04F79EFBC}") = "WeekOneWorksheet", "WeekOneWorksheet\WeekOneWorksheet.csproj", "{67CDBFD1-B0FA-44AD-812C-9B38DA6F540D}"
EndProject
Global
	GlobalSection(SolutionConfigurationPlatforms) = preSolution
		Debug|Any CPU = Debug|Any CPU
		Release|Any CPU = Release|Any CPU
	EndGlobalSection
	GlobalSection(ProjectConfigurationPlatforms) = postSolution
		{67CDBFD1-B0FA-44AD-812C-9B38DA6F540D}.Debug|Any CPU.ActiveCfg = Debug|Any CPU
		{67CDBFD1-B0FA-44AD-812C-9B38DA6F540D}.Debug|Any CPU.Build.0 = Debug|Any CPU
		{67CDBFD1-B0FA-44AD-812C-9B38DA6F540D}.Release|Any CPU.ActiveCfg = Release|Any CPU
		{67CDBFD1-B0FA-44AD-812C-9B38DA6F540D}.Release|Any CPU.Build.0 = Release|Any CPU
	EndGlobalSection
	GlobalSection(SolutionProperties) = preSolution
		HideSolutionNode = FALSE
	EndGlobalSection
	GlobalSection(ExtensibilityGlobals) = postSolution
		SolutionGuid = {488FA023-14BD-4FFD-83D8-B5383484FD10}
	EndGlobalSection
EndGlobal
